
Microsoft Visual Studio Solution File, Format Version 12.00
# Visual Studio Version 16
VisualStudioVersion = 16.0.31613.86
MinimumVisualStudioVersion = 10.0.40219.1
Project("{FAE04EC0-301F-11D3-BF4B-00C04F79EFBC}") = "SimpleCrud", "SimpleCrud\SimpleCrud.csproj", "{3E55AAA7-6557-4627-BE99-2A17E1CA4FB0}"
EndProject
Global
	GlobalSection(SolutionConfigurationPlatforms) = preSolution
		Debug|Any CPU = Debug|Any CPU
		Release|Any CPU = Release|Any CPU
	EndGlobalSection
	GlobalSection(ProjectConfigurationPlatforms) = postSolution
		{3E55AAA7-6557-4627-BE99-2A17E1CA4FB0}.Debug|Any CPU.ActiveCfg = Debug|Any CPU
		{3E55AAA7-6557-4627-BE99-2A17E1CA4FB0}.Debug|Any CPU.Build.0 = Debug|Any CPU
		{3E55AAA7-6557-4627-BE99-2A17E1CA4FB0}.Release|Any CPU.ActiveCfg = Release|Any CPU
		{3E55AAA7-6557-4627-BE99-2A17E1CA4FB0}.Release|Any CPU.Build.0 = Release|Any CPU
	EndGlobalSection
	GlobalSection(SolutionProperties) = preSolution
		HideSolutionNode = FALSE
	EndGlobalSection
	GlobalSection(ExtensibilityGlobals) = postSolution
		SolutionGuid = {5789C007-6C37-4994-B85B-D7E3CFB681D9}
	EndGlobalSection
EndGlobal
